
Microsoft Visual Studio Solution File, Format Version 12.00
# Visual Studio Version 17
VisualStudioVersion = 17.1.32228.430
MinimumVisualStudioVersion = 10.0.40219.1
Project("{8BC9CEB8-8B4A-11D0-8D11-00A0C91BC942}") = "C-Programming", "C-Programming.vcxproj", "{166F9C02-0F3B-46BA-B327-F14EF1D13FDB}"
EndProject
Global
	GlobalSection(SolutionConfigurationPlatforms) = preSolution
		Debug|x64 = Debug|x64
		Debug|x86 = Debug|x86
		Release|x64 = Release|x64
		Release|x86 = Release|x86
	EndGlobalSection
	GlobalSection(ProjectConfigurationPlatforms) = postSolution
		{166F9C02-0F3B-46BA-B327-F14EF1D13FDB}.Debug|x64.ActiveCfg = Debug|x64
		{166F9C02-0F3B-46BA-B327-F14EF1D13FDB}.Debug|x64.Build.0 = Debug|x64
		{166F9C02-0F3B-46BA-B327-F14EF1D13FDB}.Debug|x86.ActiveCfg = Debug|Win32
		{166F9C02-0F3B-46BA-B327-F14EF1D13FDB}.Debug|x86.Build.0 = Debug|Win32
		{166F9C02-0F3B-46BA-B327-F14EF1D13FDB}.Release|x64.ActiveCfg = Release|x64
		{166F9C02-0F3B-46BA-B327-F14EF1D13FDB}.Release|x64.Build.0 = Release|x64
		{166F9C02-0F3B-46BA-B327-F14EF1D13FDB}.Release|x86.ActiveCfg = Release|Win32
		{166F9C02-0F3B-46BA-B327-F14EF1D13FDB}.Release|x86.Build.0 = Release|Win32
	EndGlobalSection
	GlobalSection(SolutionProperties) = preSolution
		HideSolutionNode = FALSE
	EndGlobalSection
	GlobalSection(ExtensibilityGlobals) = postSolution
		SolutionGuid = {B8711490-992A-4DF8-939D-21ECB8AC0418}
	EndGlobalSection
EndGlobal
